
Microsoft Visual Studio Solution File, Format Version 12.00
# Visual Studio 15
VisualStudioVersion = 15.0.28307.705
MinimumVisualStudioVersion = 10.0.40219.1
Project("{FAE04EC0-301F-11D3-BF4B-00C04F79EFBC}") = "WebShoMg", "WebShoMg\WebShoMg.csproj", "{98583392-4932-4E4A-801C-A4E191F8E2A6}"
EndProject
Global
	GlobalSection(SolutionConfigurationPlatforms) = preSolution
		Debug|Any CPU = Debug|Any CPU
		Release|Any CPU = Release|Any CPU
	EndGlobalSection
	GlobalSection(ProjectConfigurationPlatforms) = postSolution
		{98583392-4932-4E4A-801C-A4E191F8E2A6}.Debug|Any CPU.ActiveCfg = Debug|Any CPU
		{98583392-4932-4E4A-801C-A4E191F8E2A6}.Debug|Any CPU.Build.0 = Debug|Any CPU
		{98583392-4932-4E4A-801C-A4E191F8E2A6}.Release|Any CPU.ActiveCfg = Release|Any CPU
		{98583392-4932-4E4A-801C-A4E191F8E2A6}.Release|Any CPU.Build.0 = Release|Any CPU
	EndGlobalSection
	GlobalSection(SolutionProperties) = preSolution
		HideSolutionNode = FALSE
	EndGlobalSection
	GlobalSection(ExtensibilityGlobals) = postSolution
		SolutionGuid = {95486C8D-8465-4512-82E2-BF48C2FC45A4}
	EndGlobalSection
EndGlobal
